{
  "nodes": {
    "base16": {
      "inputs": {
        "fromYaml": "fromYaml"
      },
      "locked": {
        "lastModified": 1746562888,
        "narHash": "sha256-YgNJQyB5dQiwavdDFBMNKk1wyS77AtdgDk/VtU6wEaI=",
        "owner": "SenchoPens",
        "repo": "base16.nix",
        "rev": "806a1777a5db2a1ef9d5d6f493ef2381047f2b89",
        "type": "github"
      },
      "original": {
        "owner": "SenchoPens",
        "repo": "base16.nix",
        "type": "github"
      }
    },
    "base16-fish": {
      "flake": false,
      "locked": {
        "lastModified": 1622559957,
        "narHash": "sha256-PebymhVYbL8trDVVXxCvZgc0S5VxI7I1Hv4RMSquTpA=",
        "owner": "tomyun",
        "repo": "base16-fish",
        "rev": "2f6dd973a9075dabccd26f1cded09508180bf5fe",
        "type": "github"
      },
      "original": {
        "owner": "tomyun",
        "repo": "base16-fish",
        "type": "github"
      }
    },
    "base16-helix": {
      "flake": false,
      "locked": {
        "lastModified": 1736852337,
        "narHash": "sha256-esD42YdgLlEh7koBrSqcT7p2fsMctPAcGl/+2sYJa2o=",
        "owner": "tinted-theming",
        "repo": "base16-helix",
        "rev": "03860521c40b0b9c04818f2218d9cc9efc21e7a5",
        "type": "github"
      },
      "original": {
        "owner": "tinted-theming",
        "repo": "base16-helix",
        "type": "github"
      }
    },
    "base16-vim": {
      "flake": false,
      "locked": {
        "lastModified": 1732806396,
        "narHash": "sha256-e0bpPySdJf0F68Ndanwm+KWHgQiZ0s7liLhvJSWDNsA=",
        "owner": "tinted-theming",
        "repo": "base16-vim",
        "rev": "577fe8125d74ff456cf942c733a85d769afe58b7",
        "type": "github"
      },
      "original": {
        "owner": "tinted-theming",
        "repo": "base16-vim",
        "rev": "577fe8125d74ff456cf942c733a85d769afe58b7",
        "type": "github"
      }
    },
    "crane": {
      "inputs": {
        "flake-compat": [
          "lanzaboote",
          "flake-compat"
        ],
        "flake-utils": [
          "lanzaboote",
          "flake-utils"
        ],
        "nixpkgs": [
          "lanzaboote",
          "nixpkgs"
        ],
        "rust-overlay": [
          "lanzaboote",
          "rust-overlay"
        ]
      },
      "locked": {
        "lastModified": 1681177078,
        "narHash": "sha256-ZNIjBDou2GOabcpctiQykEQVkI8BDwk7TyvlWlI4myE=",
        "owner": "ipetkov",
        "repo": "crane",
        "rev": "0c9f468ff00576577d83f5019a66c557ede5acf6",
        "type": "github"
      },
      "original": {
        "owner": "ipetkov",
        "repo": "crane",
        "type": "github"
      }
    },
    "disko": {
      "inputs": {
        "nixpkgs": [
          "nixpkgs"
        ]
      },
      "locked": {
        "lastModified": 1748225455,
        "narHash": "sha256-AzlJCKaM4wbEyEpV3I/PUq5mHnib2ryEy32c+qfj6xk=",
        "owner": "nix-community",
        "repo": "disko",
        "rev": "a894f2811e1ee8d10c50560551e50d6ab3c392ba",
        "type": "github"
      },
      "original": {
        "owner": "nix-community",
        "repo": "disko",
        "type": "github"
      }
    },
    "firefox-addons": {
      "inputs": {
        "nixpkgs": [
          "nixpkgs"
        ]
      },
      "locked": {
        "dir": "pkgs/firefox-addons",
        "lastModified": 1748577804,
        "narHash": "sha256-mk4nReFlqtGToFfZngNZ58FYud/svkmRp+THBsfqhcw=",
        "owner": "rycee",
        "repo": "nur-expressions",
        "rev": "493bb7da63143e3144c964d2b8e34e78dfe02a4b",
        "type": "gitlab"
      },
      "original": {
        "dir": "pkgs/firefox-addons",
        "owner": "rycee",
        "repo": "nur-expressions",
        "type": "gitlab"
      }
    },
    "firefox-gnome-theme": {
      "flake": false,
      "locked": {
        "lastModified": 1744642301,
        "narHash": "sha256-5A6LL7T0lttn1vrKsNOKUk9V0ittdW0VEqh6AtefxJ4=",
        "owner": "rafaelmardojai",
        "repo": "firefox-gnome-theme",
        "rev": "59e3de00f01e5adb851d824cf7911bd90c31083a",
        "type": "github"
      },
      "original": {
        "owner": "rafaelmardojai",
        "repo": "firefox-gnome-theme",
        "type": "github"
      }
    },
    "flake-compat": {
      "flake": false,
      "locked": {
        "lastModified": 1673956053,
        "narHash": "sha256-4gtG9iQuiKITOjNQQeQIpoIB6b16fm+504Ch3sNKLd8=",
        "owner": "edolstra",
        "repo": "flake-compat",
        "rev": "35bb57c0c8d8b62bbfd284272c928ceb64ddbde9",
        "type": "github"
      },
      "original": {
        "owner": "edolstra",
        "repo": "flake-compat",
        "type": "github"
      }
    },
    "flake-compat_2": {
      "locked": {
        "lastModified": 1733328505,
        "narHash": "sha256-NeCCThCEP3eCl2l/+27kNNK7QrwZB1IJCrXfrbv5oqU=",
        "owner": "edolstra",
        "repo": "flake-compat",
        "rev": "ff81ac966bb2cae68946d5ed5fc4994f96d0ffec",
        "type": "github"
      },
      "original": {
        "owner": "edolstra",
        "repo": "flake-compat",
        "type": "github"
      }
    },
    "flake-parts": {
      "inputs": {
        "nixpkgs-lib": [
          "lanzaboote",
          "nixpkgs"
        ]
      },
      "locked": {
        "lastModified": 1680392223,
        "narHash": "sha256-n3g7QFr85lDODKt250rkZj2IFS3i4/8HBU2yKHO3tqw=",
        "owner": "hercules-ci",
        "repo": "flake-parts",
        "rev": "dcc36e45d054d7bb554c9cdab69093debd91a0b5",
        "type": "github"
      },
      "original": {
        "owner": "hercules-ci",
        "repo": "flake-parts",
        "type": "github"
      }
    },
    "flake-parts_2": {
      "inputs": {
        "nixpkgs-lib": [
          "stylix",
          "nixpkgs"
        ]
      },
      "locked": {
        "lastModified": 1733312601,
        "narHash": "sha256-4pDvzqnegAfRkPwO3wmwBhVi/Sye1mzps0zHWYnP88c=",
        "owner": "hercules-ci",
        "repo": "flake-parts",
        "rev": "205b12d8b7cd4802fbcb8e8ef6a0f1408781a4f9",
        "type": "github"
      },
      "original": {
        "owner": "hercules-ci",
        "repo": "flake-parts",
        "type": "github"
      }
    },
    "flake-utils": {
      "inputs": {
        "systems": "systems"
      },
      "locked": {
        "lastModified": 1681202837,
        "narHash": "sha256-H+Rh19JDwRtpVPAWp64F+rlEtxUWBAQW28eAi3SRSzg=",
        "owner": "numtide",
        "repo": "flake-utils",
        "rev": "cfacdce06f30d2b68473a46042957675eebb3401",
        "type": "github"
      },
      "original": {
        "owner": "numtide",
        "repo": "flake-utils",
        "type": "github"
      }
    },
    "flake-utils_2": {
      "inputs": {
        "systems": "systems_4"
      },
      "locked": {
        "lastModified": 1681202837,
        "narHash": "sha256-H+Rh19JDwRtpVPAWp64F+rlEtxUWBAQW28eAi3SRSzg=",
        "owner": "numtide",
        "repo": "flake-utils",
        "rev": "cfacdce06f30d2b68473a46042957675eebb3401",
        "type": "github"
      },
      "original": {
        "owner": "numtide",
        "repo": "flake-utils",
        "type": "github"
      }
    },
    "fromYaml": {
      "flake": false,
      "locked": {
        "lastModified": 1731966426,
        "narHash": "sha256-lq95WydhbUTWig/JpqiB7oViTcHFP8Lv41IGtayokA8=",
        "owner": "SenchoPens",
        "repo": "fromYaml",
        "rev": "106af9e2f715e2d828df706c386a685698f3223b",
        "type": "github"
      },
      "original": {
        "owner": "SenchoPens",
        "repo": "fromYaml",
        "type": "github"
      }
    },
    "git-hooks": {
      "inputs": {
        "flake-compat": [
          "stylix",
          "flake-compat"
        ],
        "gitignore": "gitignore_2",
        "nixpkgs": [
          "stylix",
          "nixpkgs"
        ]
      },
      "locked": {
        "lastModified": 1742649964,
        "narHash": "sha256-DwOTp7nvfi8mRfuL1escHDXabVXFGT1VlPD1JHrtrco=",
        "owner": "cachix",
        "repo": "git-hooks.nix",
        "rev": "dcf5072734cb576d2b0c59b2ac44f5050b5eac82",
        "type": "github"
      },
      "original": {
        "owner": "cachix",
        "repo": "git-hooks.nix",
        "type": "github"
      }
    },
    "gitignore": {
      "inputs": {
        "nixpkgs": [
          "lanzaboote",
          "pre-commit-hooks-nix",
          "nixpkgs"
        ]
      },
      "locked": {
        "lastModified": 1660459072,
        "narHash": "sha256-8DFJjXG8zqoONA1vXtgeKXy68KdJL5UaXR8NtVMUbx8=",
        "owner": "hercules-ci",
        "repo": "gitignore.nix",
        "rev": "a20de23b925fd8264fd7fad6454652e142fd7f73",
        "type": "github"
      },
      "original": {
        "owner": "hercules-ci",
        "repo": "gitignore.nix",
        "type": "github"
      }
    },
    "gitignore_2": {
      "inputs": {
        "nixpkgs": [
          "stylix",
          "git-hooks",
          "nixpkgs"
        ]
      },
      "locked": {
        "lastModified": 1709087332,
        "narHash": "sha256-HG2cCnktfHsKV0s4XW83gU3F57gaTljL9KNSuG6bnQs=",
        "owner": "hercules-ci",
        "repo": "gitignore.nix",
        "rev": "637db329424fd7e46cf4185293b9cc8c88c95394",
        "type": "github"
      },
      "original": {
        "owner": "hercules-ci",
        "repo": "gitignore.nix",
        "type": "github"
      }
    },
    "gnome-shell": {
      "flake": false,
      "locked": {
        "lastModified": 1744584021,
        "narHash": "sha256-0RJ4mJzf+klKF4Fuoc8VN8dpQQtZnKksFmR2jhWE1Ew=",
        "owner": "GNOME",
        "repo": "gnome-shell",
        "rev": "52c517c8f6c199a1d6f5118fae500ef69ea845ae",
        "type": "github"
      },
      "original": {
        "owner": "GNOME",
        "ref": "48.1",
        "repo": "gnome-shell",
        "type": "github"
      }
    },
    "hide-elements-vesktop-theme": {
      "flake": false,
      "locked": {
        "narHash": "sha256-p7AHu2ByIIFuKzwogcc/MESmjh783gk6Nmy3XqCBfc0=",
        "type": "file",
        "url": "https://gist.githubusercontent.com/Katzenwerfer/e9cc02cf5743c879cd431e3839947665/raw/398be790fc0485b8d133f0dec201f619378bb8b6/discord-cleaner.css"
      },
      "original": {
        "type": "file",
        "url": "https://gist.githubusercontent.com/Katzenwerfer/e9cc02cf5743c879cd431e3839947665/raw/398be790fc0485b8d133f0dec201f619378bb8b6/discord-cleaner.css"
      }
    },
    "home-manager": {
      "inputs": {
        "nixpkgs": [
          "nixpkgs"
        ]
      },
      "locked": {
        "lastModified": 1748627093,
        "narHash": "sha256-1hFy+bZRZoYb7RaUXsW+9YFtjjFrQpschd8qZpy9org=",
        "owner": "nix-community",
        "repo": "home-manager",
        "rev": "afe9ce8b2014fa1230ade38bf07156cdcef63658",
        "type": "github"
      },
      "original": {
        "owner": "nix-community",
        "ref": "release-25.05",
        "repo": "home-manager",
        "type": "github"
      }
    },
    "home-manager_2": {
      "inputs": {
        "nixpkgs": [
          "stylix",
          "nixpkgs"
        ]
      },
      "locked": {
        "lastModified": 1747556831,
        "narHash": "sha256-Qb84nbYFFk0DzFeqVoHltS2RodAYY5/HZQKE8WnBDsc=",
        "owner": "nix-community",
        "repo": "home-manager",
        "rev": "d0bbd221482c2713cccb80220f3c9d16a6e20a33",
        "type": "github"
      },
      "original": {
        "owner": "nix-community",
        "ref": "release-25.05",
        "repo": "home-manager",
        "type": "github"
      }
    },
    "lanzaboote": {
      "inputs": {
        "crane": "crane",
        "flake-compat": "flake-compat",
        "flake-parts": "flake-parts",
        "flake-utils": "flake-utils",
        "nixpkgs": [
          "nixpkgs"
        ],
        "pre-commit-hooks-nix": "pre-commit-hooks-nix",
        "rust-overlay": "rust-overlay"
      },
      "locked": {
        "lastModified": 1682802423,
        "narHash": "sha256-Fb5TeRTdvUlo/5Yi2d+FC8a6KoRLk2h1VE0/peMhWPs=",
        "owner": "nix-community",
        "repo": "lanzaboote",
        "rev": "64b903ca87d18cef2752c19c098af275c6e51d63",
        "type": "github"
      },
      "original": {
        "owner": "nix-community",
        "ref": "v0.3.0",
        "repo": "lanzaboote",
        "type": "github"
      }
    },
    "nix-darwin": {
      "inputs": {
        "nixpkgs": [
          "nixpkgs"
        ]
      },
      "locked": {
        "lastModified": 1748352827,
        "narHash": "sha256-sNUUP6qxGkK9hXgJ+p362dtWLgnIWwOCmiq72LAWtYo=",
        "owner": "LnL7",
        "repo": "nix-darwin",
        "rev": "44a7d0e687a87b73facfe94fba78d323a6686a90",
        "type": "github"
      },
      "original": {
        "owner": "LnL7",
        "repo": "nix-darwin",
        "type": "github"
      }
    },
    "nixos-hardware": {
      "locked": {
        "lastModified": 1748634340,
        "narHash": "sha256-pZH4bqbOd8S+si6UcfjHovWDiWKiIGRNRMpmRWaDIms=",
        "owner": "NixOS",
        "repo": "nixos-hardware",
        "rev": "daa628a725ab4948e0e2b795e8fb6f4c3e289a7a",
        "type": "github"
      },
      "original": {
        "owner": "NixOS",
        "repo": "nixos-hardware",
        "type": "github"
      }
    },
    "nixpkgs": {
      "locked": {
        "lastModified": 1748437600,
        "narHash": "sha256-hYKMs3ilp09anGO7xzfGs3JqEgUqFMnZ8GMAqI6/k04=",
        "owner": "nixos",
        "repo": "nixpkgs",
        "rev": "7282cb574e0607e65224d33be8241eae7cfe0979",
        "type": "github"
      },
      "original": {
        "owner": "nixos",
        "ref": "nixos-25.05",
        "repo": "nixpkgs",
        "type": "github"
      }
    },
    "nixpkgs-stable": {
      "locked": {
        "lastModified": 1678872516,
        "narHash": "sha256-/E1YwtMtFAu2KUQKV/1+KFuReYPANM2Rzehk84VxVoc=",
        "owner": "NixOS",
        "repo": "nixpkgs",
        "rev": "9b8e5abb18324c7fe9f07cb100c3cd4a29cda8b8",
        "type": "github"
      },
      "original": {
        "owner": "NixOS",
        "ref": "nixos-22.11",
        "repo": "nixpkgs",
        "type": "github"
      }
    },
    "nixpkgs-unstable": {
      "locked": {
        "lastModified": 1748460289,
        "narHash": "sha256-7doLyJBzCllvqX4gszYtmZUToxKvMUrg45EUWaUYmBg=",
        "owner": "nixos",
        "repo": "nixpkgs",
        "rev": "96ec055edbe5ee227f28cdbc3f1ddf1df5965102",
        "type": "github"
      },
      "original": {
        "owner": "nixos",
        "ref": "nixos-unstable",
        "repo": "nixpkgs",
        "type": "github"
      }
    },
    "nur": {
      "inputs": {
        "flake-parts": [
          "stylix",
          "flake-parts"
        ],
        "nixpkgs": [
          "stylix",
          "nixpkgs"
        ],
        "treefmt-nix": "treefmt-nix"
      },
      "locked": {
        "lastModified": 1746056780,
        "narHash": "sha256-/emueQGaoT4vu0QjU9LDOG5roxRSfdY0K2KkxuzazcM=",
        "owner": "nix-community",
        "repo": "NUR",
        "rev": "d476cd0972dd6242d76374fcc277e6735715c167",
        "type": "github"
      },
      "original": {
        "owner": "nix-community",
        "repo": "NUR",
        "type": "github"
      }
    },
    "pre-commit-hooks-nix": {
      "inputs": {
        "flake-compat": [
          "lanzaboote",
          "flake-compat"
        ],
        "flake-utils": [
          "lanzaboote",
          "flake-utils"
        ],
        "gitignore": "gitignore",
        "nixpkgs": [
          "lanzaboote",
          "nixpkgs"
        ],
        "nixpkgs-stable": "nixpkgs-stable"
      },
      "locked": {
        "lastModified": 1681413034,
        "narHash": "sha256-/t7OjNQcNkeWeSq/CFLYVBfm+IEnkjoSm9iKvArnUUI=",
        "owner": "cachix",
        "repo": "pre-commit-hooks.nix",
        "rev": "d3de8f69ca88fb6f8b09e5b598be5ac98d28ede5",
        "type": "github"
      },
      "original": {
        "owner": "cachix",
        "repo": "pre-commit-hooks.nix",
        "type": "github"
      }
    },
    "root": {
      "inputs": {
        "disko": "disko",
        "firefox-addons": "firefox-addons",
        "hide-elements-vesktop-theme": "hide-elements-vesktop-theme",
        "home-manager": "home-manager",
        "lanzaboote": "lanzaboote",
        "nix-darwin": "nix-darwin",
        "nixos-hardware": "nixos-hardware",
        "nixpkgs": "nixpkgs",
        "nixpkgs-unstable": "nixpkgs-unstable",
        "rose-pine-discord-theme": "rose-pine-discord-theme",
        "rose-pine-wallpapers": "rose-pine-wallpapers",
        "spicetify-nix": "spicetify-nix",
        "stylix": "stylix",
        "vscode-server": "vscode-server"
      }
    },
    "rose-pine-discord-theme": {
      "flake": false,
      "locked": {
        "lastModified": 1740239507,
        "narHash": "sha256-T8SFGMLCMBrvrqs9sz5iKUFKRsJ6tvWHtKeAJ149tOI=",
        "owner": "rose-pine",
        "repo": "discord",
        "rev": "080484222f293c7666eda261c96e5c2f7699643b",
        "type": "github"
      },
      "original": {
        "owner": "rose-pine",
        "repo": "discord",
        "type": "github"
      }
    },
    "rose-pine-wallpapers": {
      "flake": false,
      "locked": {
        "lastModified": 1743358787,
        "narHash": "sha256-swOQAoGYa82G0r93SjY2K0k9KdtP5pBBa8ROAHC03/A=",
        "owner": "rose-pine",
        "repo": "wallpapers",
        "rev": "f76fd68629516ce820fe6dbcf31b5c44de78e4ad",
        "type": "github"
      },
      "original": {
        "owner": "rose-pine",
        "repo": "wallpapers",
        "type": "github"
      }
    },
    "rust-overlay": {
      "inputs": {
        "flake-utils": [
          "lanzaboote",
          "flake-utils"
        ],
        "nixpkgs": [
          "lanzaboote",
          "nixpkgs"
        ]
      },
      "locked": {
        "lastModified": 1682129965,
        "narHash": "sha256-1KRPIorEL6pLpJR04FwAqqnt4Tzcm4MqD84yhlD+XSk=",
        "owner": "oxalica",
        "repo": "rust-overlay",
        "rev": "2c417c0460b788328220120c698630947547ee83",
        "type": "github"
      },
      "original": {
        "owner": "oxalica",
        "repo": "rust-overlay",
        "type": "github"
      }
    },
    "spicetify-nix": {
      "inputs": {
        "nixpkgs": [
          "nixpkgs"
        ],
        "systems": "systems_2"
      },
      "locked": {
        "lastModified": 1748147548,
        "narHash": "sha256-9IaAQkgyF4PFtVyui8vF6oJah0iVcO9DaOefjdTMthE=",
        "owner": "Gerg-L",
        "repo": "spicetify-nix",
        "rev": "f0595e3b59260457042450749eaec00a5a47db35",
        "type": "github"
      },
      "original": {
        "owner": "Gerg-L",
        "repo": "spicetify-nix",
        "type": "github"
      }
    },
    "stylix": {
      "inputs": {
        "base16": "base16",
        "base16-fish": "base16-fish",
        "base16-helix": "base16-helix",
        "base16-vim": "base16-vim",
        "firefox-gnome-theme": "firefox-gnome-theme",
        "flake-compat": "flake-compat_2",
        "flake-parts": "flake-parts_2",
        "git-hooks": "git-hooks",
        "gnome-shell": "gnome-shell",
        "home-manager": "home-manager_2",
        "nixpkgs": [
          "nixpkgs"
        ],
        "nur": "nur",
        "systems": "systems_3",
        "tinted-foot": "tinted-foot",
        "tinted-kitty": "tinted-kitty",
        "tinted-schemes": "tinted-schemes",
        "tinted-tmux": "tinted-tmux",
        "tinted-zed": "tinted-zed"
      },
      "locked": {
        "lastModified": 1748573182,
        "narHash": "sha256-nnvjhz1PtS/Vfw8bgU0AkXq1U42gilzfFak65EmHW4g=",
        "owner": "nix-community",
        "repo": "stylix",
        "rev": "79ec2e885e2b66f2fc6e6b6db15c49c81ebaf7d8",
        "type": "github"
      },
      "original": {
        "owner": "nix-community",
        "ref": "release-25.05",
        "repo": "stylix",
        "type": "github"
      }
    },
    "systems": {
      "locked": {
        "lastModified": 1681028828,
        "narHash": "sha256-Vy1rq5AaRuLzOxct8nz4T6wlgyUR7zLU309k9mBC768=",
        "owner": "nix-systems",
        "repo": "default",
        "rev": "da67096a3b9bf56a91d16901293e51ba5b49a27e",
        "type": "github"
      },
      "original": {
        "owner": "nix-systems",
        "repo": "default",
        "type": "github"
      }
    },
    "systems_2": {
      "locked": {
        "lastModified": 1681028828,
        "narHash": "sha256-Vy1rq5AaRuLzOxct8nz4T6wlgyUR7zLU309k9mBC768=",
        "owner": "nix-systems",
        "repo": "default",
        "rev": "da67096a3b9bf56a91d16901293e51ba5b49a27e",
        "type": "github"
      },
      "original": {
        "owner": "nix-systems",
        "repo": "default",
        "type": "github"
      }
    },
    "systems_3": {
      "locked": {
        "lastModified": 1681028828,
        "narHash": "sha256-Vy1rq5AaRuLzOxct8nz4T6wlgyUR7zLU309k9mBC768=",
        "owner": "nix-systems",
        "repo": "default",
        "rev": "da67096a3b9bf56a91d16901293e51ba5b49a27e",
        "type": "github"
      },
      "original": {
        "owner": "nix-systems",
        "repo": "default",
        "type": "github"
      }
    },
    "systems_4": {
      "locked": {
        "lastModified": 1681028828,
        "narHash": "sha256-Vy1rq5AaRuLzOxct8nz4T6wlgyUR7zLU309k9mBC768=",
        "owner": "nix-systems",
        "repo": "default",
        "rev": "da67096a3b9bf56a91d16901293e51ba5b49a27e",
        "type": "github"
      },
      "original": {
        "owner": "nix-systems",
        "repo": "default",
        "type": "github"
      }
    },
    "tinted-foot": {
      "flake": false,
      "locked": {
        "lastModified": 1726913040,
        "narHash": "sha256-+eDZPkw7efMNUf3/Pv0EmsidqdwNJ1TaOum6k7lngDQ=",
        "owner": "tinted-theming",
        "repo": "tinted-foot",
        "rev": "fd1b924b6c45c3e4465e8a849e67ea82933fcbe4",
        "type": "github"
      },
      "original": {
        "owner": "tinted-theming",
        "repo": "tinted-foot",
        "rev": "fd1b924b6c45c3e4465e8a849e67ea82933fcbe4",
        "type": "github"
      }
    },
    "tinted-kitty": {
      "flake": false,
      "locked": {
        "lastModified": 1735730497,
        "narHash": "sha256-4KtB+FiUzIeK/4aHCKce3V9HwRvYaxX+F1edUrfgzb8=",
        "owner": "tinted-theming",
        "repo": "tinted-kitty",
        "rev": "de6f888497f2c6b2279361bfc790f164bfd0f3fa",
        "type": "github"
      },
      "original": {
        "owner": "tinted-theming",
        "repo": "tinted-kitty",
        "type": "github"
      }
    },
    "tinted-schemes": {
      "flake": false,
      "locked": {
        "lastModified": 1744974599,
        "narHash": "sha256-Fg+rdGs5FAgfkYNCs74lnl8vkQmiZVdBsziyPhVqrlY=",
        "owner": "tinted-theming",
        "repo": "schemes",
        "rev": "28c26a621123ad4ebd5bbfb34ab39421c0144bdd",
        "type": "github"
      },
      "original": {
        "owner": "tinted-theming",
        "repo": "schemes",
        "type": "github"
      }
    },
    "tinted-tmux": {
      "flake": false,
      "locked": {
        "lastModified": 1745111349,
        "narHash": "sha256-udV+nHdpqgkJI9D0mtvvAzbqubt9jdifS/KhTTbJ45w=",
        "owner": "tinted-theming",
        "repo": "tinted-tmux",
        "rev": "e009f18a01182b63559fb28f1c786eb027c3dee9",
        "type": "github"
      },
      "original": {
        "owner": "tinted-theming",
        "repo": "tinted-tmux",
        "type": "github"
      }
    },
    "tinted-zed": {
      "flake": false,
      "locked": {
        "lastModified": 1725758778,
        "narHash": "sha256-8P1b6mJWyYcu36WRlSVbuj575QWIFZALZMTg5ID/sM4=",
        "owner": "tinted-theming",
        "repo": "base16-zed",
        "rev": "122c9e5c0e6f27211361a04fae92df97940eccf9",
        "type": "github"
      },
      "original": {
        "owner": "tinted-theming",
        "repo": "base16-zed",
        "type": "github"
      }
    },
    "treefmt-nix": {
      "inputs": {
        "nixpkgs": [
          "stylix",
          "nur",
          "nixpkgs"
        ]
      },
      "locked": {
        "lastModified": 1733222881,
        "narHash": "sha256-JIPcz1PrpXUCbaccEnrcUS8jjEb/1vJbZz5KkobyFdM=",
        "owner": "numtide",
        "repo": "treefmt-nix",
        "rev": "49717b5af6f80172275d47a418c9719a31a78b53",
        "type": "github"
      },
      "original": {
        "owner": "numtide",
        "repo": "treefmt-nix",
        "type": "github"
      }
    },
    "vscode-server": {
      "inputs": {
        "flake-utils": "flake-utils_2",
        "nixpkgs": [
          "nixpkgs"
        ]
      },
      "locked": {
        "lastModified": 1729422940,
        "narHash": "sha256-DlvJv33ml5UTKgu4b0HauOfFIoDx6QXtbqUF3vWeRCY=",
        "owner": "nix-community",
        "repo": "nixos-vscode-server",
        "rev": "8b6db451de46ecf9b4ab3d01ef76e59957ff549f",
        "type": "github"
      },
      "original": {
        "owner": "nix-community",
        "repo": "nixos-vscode-server",
        "type": "github"
      }
    }
  },
  "root": "root",
  "version": 7
}
